// !$*UTF8*$!
{
	archiveVersion = 1;
	classes = {
	};
	objectVersion = 56;
	objects = {

/* Begin PBXBuildFile section */
		B9B7F7D82A78EDAF000BAF9E /* AppDelegate.swift in Sources */ = {isa = PBXBuildFile; fileRef = B9B7F7D72A78EDAF000BAF9E /* AppDelegate.swift */; };
		B9B7F7DA2A78EDAF000BAF9E /* ContentView.swift in Sources */ = {isa = PBXBuildFile; fileRef = B9B7F7D92A78EDAF000BAF9E /* ContentView.swift */; };
		B9B7F7DE2A78EDB0000BAF9E /* Assets.xcassets in Resources */ = {isa = PBXBuildFile; fileRef = B9B7F7DD2A78EDB0000BAF9E /* Assets.xcassets */; };
		B9B7F7E12A78EDB0000BAF9E /* Preview Assets.xcassets in Resources */ = {isa = PBXBuildFile; fileRef = B9B7F7E02A78EDB0000BAF9E /* Preview Assets.xcassets */; };
		C0170D632A861F500026422A /* GameView.swift in Sources */ = {isa = PBXBuildFile; fileRef = C0170D622A861F500026422A /* GameView.swift */; };
		C0170D662A861F780026422A /* ARViewContainer.swift in Sources */ = {isa = PBXBuildFile; fileRef = C0170D652A861F780026422A /* ARViewContainer.swift */; };
		C0170D6C2A8625A70026422A /* Enums.swift in Sources */ = {isa = PBXBuildFile; fileRef = C0170D6B2A8625A70026422A /* Enums.swift */; };
		C078244D2A84E5480002C32C /* Event.swift in Sources */ = {isa = PBXBuildFile; fileRef = C078244C2A84E5480002C32C /* Event.swift */; };
		C078244F2A84E9460002C32C /* HoldedTrash.swift in Sources */ = {isa = PBXBuildFile; fileRef = C078244E2A84E9460002C32C /* HoldedTrash.swift */; };
		C081FCEC2A8A14C90031E729 /* Alert.swift in Sources */ = {isa = PBXBuildFile; fileRef = C081FCEB2A8A14C90031E729 /* Alert.swift */; };
		C081FCEE2A8A1BBD0031E729 /* Popup.swift in Sources */ = {isa = PBXBuildFile; fileRef = C081FCED2A8A1BBD0031E729 /* Popup.swift */; };
		C081FCFA2A8A35890031E729 /* TrashBin.swift in Sources */ = {isa = PBXBuildFile; fileRef = C081FCF92A8A35890031E729 /* TrashBin.swift */; };
		C08561292A861E8A00167844 /* MenuView.swift in Sources */ = {isa = PBXBuildFile; fileRef = C08561282A861E8A00167844 /* MenuView.swift */; };
		C0D314C12A8CAA9500C552B7 /* Banana.rcproject in Sources */ = {isa = PBXBuildFile; fileRef = C0EFD6F52A8B7D5600BD5F90 /* Banana.rcproject */; };
		C0D314C32A8CAB0E00C552B7 /* B3TrashBox.rcproject in Sources */ = {isa = PBXBuildFile; fileRef = C0EFD6F12A8B7D5500BD5F90 /* B3TrashBox.rcproject */; };
		C0D314C52A8CABC400C552B7 /* Battery.rcproject in Sources */ = {isa = PBXBuildFile; fileRef = C0EFD6F22A8B7D5500BD5F90 /* Battery.rcproject */; };
		C0D314C72A8CABE300C552B7 /* Mask.rcproject in Sources */ = {isa = PBXBuildFile; fileRef = C0EFD6ED2A8B7D5500BD5F90 /* Mask.rcproject */; };
		C0D314C92A8CAC4200C552B7 /* OrganicTrashBox.rcproject in Sources */ = {isa = PBXBuildFile; fileRef = C0EFD6F32A8B7D5600BD5F90 /* OrganicTrashBox.rcproject */; };
		C0EFD6D82A8B750600BD5F90 /* LilitaOne.ttf in Resources */ = {isa = PBXBuildFile; fileRef = C0170D6E2A8637B10026422A /* LilitaOne.ttf */; };
		C0EFD6F82A8B7D5600BD5F90 /* Paper.rcproject in Sources */ = {isa = PBXBuildFile; fileRef = C0EFD6EE2A8B7D5500BD5F90 /* Paper.rcproject */; };
		C0EFD6F92A8B7D5600BD5F90 /* AnorganicTrashBox.rcproject in Sources */ = {isa = PBXBuildFile; fileRef = C0EFD6EF2A8B7D5500BD5F90 /* AnorganicTrashBox.rcproject */; };
		C0EFD6FA2A8B7D5600BD5F90 /* Bottle.rcproject in Sources */ = {isa = PBXBuildFile; fileRef = C0EFD6F02A8B7D5500BD5F90 /* Bottle.rcproject */; };
		C0EFD6FE2A8B7D5600BD5F90 /* PaperTrashBox.rcproject in Sources */ = {isa = PBXBuildFile; fileRef = C0EFD6F42A8B7D5600BD5F90 /* PaperTrashBox.rcproject */; };
		C0EFD7002A8B7D5600BD5F90 /* ResiduTrashBox.rcproject in Sources */ = {isa = PBXBuildFile; fileRef = C0EFD6F62A8B7D5600BD5F90 /* ResiduTrashBox.rcproject */; };
/* End PBXBuildFile section */

/* Begin PBXFileReference section */
		B9B7F7D42A78EDAF000BAF9E /* ARtestt.app */ = {isa = PBXFileReference; explicitFileType = wrapper.application; includeInIndex = 0; path = ARtestt.app; sourceTree = BUILT_PRODUCTS_DIR; };
		B9B7F7D72A78EDAF000BAF9E /* AppDelegate.swift */ = {isa = PBXFileReference; lastKnownFileType = sourcecode.swift; path = AppDelegate.swift; sourceTree = "<group>"; };
		B9B7F7D92A78EDAF000BAF9E /* ContentView.swift */ = {isa = PBXFileReference; lastKnownFileType = sourcecode.swift; path = ContentView.swift; sourceTree = "<group>"; };
		B9B7F7DD2A78EDB0000BAF9E /* Assets.xcassets */ = {isa = PBXFileReference; lastKnownFileType = folder.assetcatalog; path = Assets.xcassets; sourceTree = "<group>"; };
		B9B7F7E02A78EDB0000BAF9E /* Preview Assets.xcassets */ = {isa = PBXFileReference; lastKnownFileType = folder.assetcatalog; path = "Preview Assets.xcassets"; sourceTree = "<group>"; };
		C0170D622A861F500026422A /* GameView.swift */ = {isa = PBXFileReference; lastKnownFileType = sourcecode.swift; path = GameView.swift; sourceTree = "<group>"; };
		C0170D652A861F780026422A /* ARViewContainer.swift */ = {isa = PBXFileReference; lastKnownFileType = sourcecode.swift; path = ARViewContainer.swift; sourceTree = "<group>"; };
		C0170D6B2A8625A70026422A /* Enums.swift */ = {isa = PBXFileReference; lastKnownFileType = sourcecode.swift; path = Enums.swift; sourceTree = "<group>"; };
		C0170D6E2A8637B10026422A /* LilitaOne.ttf */ = {isa = PBXFileReference; lastKnownFileType = file; path = LilitaOne.ttf; sourceTree = "<group>"; };
		C078244C2A84E5480002C32C /* Event.swift */ = {isa = PBXFileReference; lastKnownFileType = sourcecode.swift; path = Event.swift; sourceTree = "<group>"; };
		C078244E2A84E9460002C32C /* HoldedTrash.swift */ = {isa = PBXFileReference; lastKnownFileType = sourcecode.swift; path = HoldedTrash.swift; sourceTree = "<group>"; };
		C081FCEB2A8A14C90031E729 /* Alert.swift */ = {isa = PBXFileReference; lastKnownFileType = sourcecode.swift; path = Alert.swift; sourceTree = "<group>"; };
		C081FCED2A8A1BBD0031E729 /* Popup.swift */ = {isa = PBXFileReference; lastKnownFileType = sourcecode.swift; path = Popup.swift; sourceTree = "<group>"; };
		C081FCF92A8A35890031E729 /* TrashBin.swift */ = {isa = PBXFileReference; lastKnownFileType = sourcecode.swift; path = TrashBin.swift; sourceTree = "<group>"; };
		C08561282A861E8A00167844 /* MenuView.swift */ = {isa = PBXFileReference; lastKnownFileType = sourcecode.swift; path = MenuView.swift; sourceTree = "<group>"; };
		C0DEDE642A86394000224C09 /* Info.plist */ = {isa = PBXFileReference; lastKnownFileType = text.plist; path = Info.plist; sourceTree = "<group>"; };
		C0EFD6ED2A8B7D5500BD5F90 /* Mask.rcproject */ = {isa = PBXFileReference; lastKnownFileType = file.rcproject; path = Mask.rcproject; sourceTree = "<group>"; };
		C0EFD6EE2A8B7D5500BD5F90 /* Paper.rcproject */ = {isa = PBXFileReference; lastKnownFileType = file.rcproject; path = Paper.rcproject; sourceTree = "<group>"; };
		C0EFD6EF2A8B7D5500BD5F90 /* AnorganicTrashBox.rcproject */ = {isa = PBXFileReference; lastKnownFileType = file.rcproject; path = AnorganicTrashBox.rcproject; sourceTree = "<group>"; };
		C0EFD6F02A8B7D5500BD5F90 /* Bottle.rcproject */ = {isa = PBXFileReference; lastKnownFileType = file.rcproject; path = Bottle.rcproject; sourceTree = "<group>"; };
		C0EFD6F12A8B7D5500BD5F90 /* B3TrashBox.rcproject */ = {isa = PBXFileReference; lastKnownFileType = file.rcproject; path = B3TrashBox.rcproject; sourceTree = "<group>"; };
		C0EFD6F22A8B7D5500BD5F90 /* Battery.rcproject */ = {isa = PBXFileReference; lastKnownFileType = file.rcproject; path = Battery.rcproject; sourceTree = "<group>"; };
		C0EFD6F32A8B7D5600BD5F90 /* OrganicTrashBox.rcproject */ = {isa = PBXFileReference; lastKnownFileType = file.rcproject; path = OrganicTrashBox.rcproject; sourceTree = "<group>"; };
		C0EFD6F42A8B7D5600BD5F90 /* PaperTrashBox.rcproject */ = {isa = PBXFileReference; lastKnownFileType = file.rcproject; path = PaperTrashBox.rcproject; sourceTree = "<group>"; };
		C0EFD6F52A8B7D5600BD5F90 /* Banana.rcproject */ = {isa = PBXFileReference; lastKnownFileType = file.rcproject; path = Banana.rcproject; sourceTree = "<group>"; };
		C0EFD6F62A8B7D5600BD5F90 /* ResiduTrashBox.rcproject */ = {isa = PBXFileReference; lastKnownFileType = file.rcproject; path = ResiduTrashBox.rcproject; sourceTree = "<group>"; };
/* End PBXFileReference section */

/* Begin PBXFrameworksBuildPhase section */
		B9B7F7D12A78EDAF000BAF9E /* Frameworks */ = {
			isa = PBXFrameworksBuildPhase;
			buildActionMask = 2147483647;
			files = (
			);
			runOnlyForDeploymentPostprocessing = 0;
		};
/* End PBXFrameworksBuildPhase section */

/* Begin PBXGroup section */
		B9B7F7CB2A78EDAF000BAF9E = {
			isa = PBXGroup;
			children = (
				B9B7F7D62A78EDAF000BAF9E /* ARtestt */,
				B9B7F7D52A78EDAF000BAF9E /* Products */,
			);
			sourceTree = "<group>";
		};
		B9B7F7D52A78EDAF000BAF9E /* Products */ = {
			isa = PBXGroup;
			children = (
				B9B7F7D42A78EDAF000BAF9E /* ARtestt.app */,
			);
			name = Products;
			sourceTree = "<group>";
		};
		B9B7F7D62A78EDAF000BAF9E /* ARtestt */ = {
			isa = PBXGroup;
			children = (
				C0DEDE642A86394000224C09 /* Info.plist */,
				C0170D6D2A8637650026422A /* Font */,
				C0170D6A2A8624D20026422A /* Arts */,
				C0170D692A86243E0026422A /* Models */,
				C0170D682A86242A0026422A /* Utils */,
				C08561272A861E7C00167844 /* Views */,
				B9B7F7D72A78EDAF000BAF9E /* AppDelegate.swift */,
				B9B7F7D92A78EDAF000BAF9E /* ContentView.swift */,
				B9B7F7DD2A78EDB0000BAF9E /* Assets.xcassets */,
				B9B7F7DF2A78EDB0000BAF9E /* Preview Content */,
			);
			path = ARtestt;
			sourceTree = "<group>";
		};
		B9B7F7DF2A78EDB0000BAF9E /* Preview Content */ = {
			isa = PBXGroup;
			children = (
				B9B7F7E02A78EDB0000BAF9E /* Preview Assets.xcassets */,
			);
			path = "Preview Content";
			sourceTree = "<group>";
		};
		C0170D642A861F680026422A /* Components */ = {
			isa = PBXGroup;
			children = (
				C081FCEB2A8A14C90031E729 /* Alert.swift */,
				C081FCED2A8A1BBD0031E729 /* Popup.swift */,
				C0170D652A861F780026422A /* ARViewContainer.swift */,
			);
			path = Components;
			sourceTree = "<group>";
		};
		C0170D682A86242A0026422A /* Utils */ = {
			isa = PBXGroup;
			children = (
				C078244C2A84E5480002C32C /* Event.swift */,
				C0170D6B2A8625A70026422A /* Enums.swift */,
			);
			path = Utils;
			sourceTree = "<group>";
		};
		C0170D692A86243E0026422A /* Models */ = {
			isa = PBXGroup;
			children = (
				C078244E2A84E9460002C32C /* HoldedTrash.swift */,
				C081FCF92A8A35890031E729 /* TrashBin.swift */,
			);
			path = Models;
			sourceTree = "<group>";
		};
		C0170D6A2A8624D20026422A /* Arts */ = {
			isa = PBXGroup;
			children = (
				C0EFD6EF2A8B7D5500BD5F90 /* AnorganicTrashBox.rcproject */,
				C0EFD6F12A8B7D5500BD5F90 /* B3TrashBox.rcproject */,
				C0EFD6F52A8B7D5600BD5F90 /* Banana.rcproject */,
				C0EFD6F22A8B7D5500BD5F90 /* Battery.rcproject */,
				C0EFD6F02A8B7D5500BD5F90 /* Bottle.rcproject */,
				C0EFD6ED2A8B7D5500BD5F90 /* Mask.rcproject */,
				C0EFD6F32A8B7D5600BD5F90 /* OrganicTrashBox.rcproject */,
				C0EFD6EE2A8B7D5500BD5F90 /* Paper.rcproject */,
				C0EFD6F42A8B7D5600BD5F90 /* PaperTrashBox.rcproject */,
				C0EFD6F62A8B7D5600BD5F90 /* ResiduTrashBox.rcproject */,
			);
			path = Arts;
			sourceTree = "<group>";
		};
		C0170D6D2A8637650026422A /* Font */ = {
			isa = PBXGroup;
			children = (
				C0170D6E2A8637B10026422A /* LilitaOne.ttf */,
			);
			path = Font;
			sourceTree = "<group>";
		};
		C08561272A861E7C00167844 /* Views */ = {
			isa = PBXGroup;
			children = (
				C0170D642A861F680026422A /* Components */,
				C08561282A861E8A00167844 /* MenuView.swift */,
				C0170D622A861F500026422A /* GameView.swift */,
			);
			path = Views;
			sourceTree = "<group>";
		};
/* End PBXGroup section */

/* Begin PBXNativeTarget section */
		B9B7F7D32A78EDAF000BAF9E /* ARtestt */ = {
			isa = PBXNativeTarget;
			buildConfigurationList = B9B7F7E42A78EDB0000BAF9E /* Build configuration list for PBXNativeTarget "ARtestt" */;
			buildPhases = (
				B9B7F7D02A78EDAF000BAF9E /* Sources */,
				B9B7F7D12A78EDAF000BAF9E /* Frameworks */,
				B9B7F7D22A78EDAF000BAF9E /* Resources */,
			);
			buildRules = (
			);
			dependencies = (
			);
			name = ARtestt;
			productName = ARtestt;
			productReference = B9B7F7D42A78EDAF000BAF9E /* ARtestt.app */;
			productType = "com.apple.product-type.application";
		};
/* End PBXNativeTarget section */

/* Begin PBXProject section */
		B9B7F7CC2A78EDAF000BAF9E /* Project object */ = {
			isa = PBXProject;
			attributes = {
				BuildIndependentTargetsInParallel = 1;
				LastSwiftUpdateCheck = 1430;
				LastUpgradeCheck = 1430;
				TargetAttributes = {
					B9B7F7D32A78EDAF000BAF9E = {
						CreatedOnToolsVersion = 14.3.1;
					};
				};
			};
			buildConfigurationList = B9B7F7CF2A78EDAF000BAF9E /* Build configuration list for PBXProject "ARtestt" */;
			compatibilityVersion = "Xcode 14.0";
			developmentRegion = en;
			hasScannedForEncodings = 0;
			knownRegions = (
				en,
				Base,
			);
			mainGroup = B9B7F7CB2A78EDAF000BAF9E;
			productRefGroup = B9B7F7D52A78EDAF000BAF9E /* Products */;
			projectDirPath = "";
			projectRoot = "";
			targets = (
				B9B7F7D32A78EDAF000BAF9E /* ARtestt */,
			);
		};
/* End PBXProject section */

/* Begin PBXResourcesBuildPhase section */
		B9B7F7D22A78EDAF000BAF9E /* Resources */ = {
			isa = PBXResourcesBuildPhase;
			buildActionMask = 2147483647;
			files = (
				B9B7F7E12A78EDB0000BAF9E /* Preview Assets.xcassets in Resources */,
				B9B7F7DE2A78EDB0000BAF9E /* Assets.xcassets in Resources */,
				C0EFD6D82A8B750600BD5F90 /* LilitaOne.ttf in Resources */,
			);
			runOnlyForDeploymentPostprocessing = 0;
		};
/* End PBXResourcesBuildPhase section */

/* Begin PBXSourcesBuildPhase section */
		B9B7F7D02A78EDAF000BAF9E /* Sources */ = {
			isa = PBXSourcesBuildPhase;
			buildActionMask = 2147483647;
			files = (
				C078244F2A84E9460002C32C /* HoldedTrash.swift in Sources */,
				C081FCEE2A8A1BBD0031E729 /* Popup.swift in Sources */,
				C0EFD6FA2A8B7D5600BD5F90 /* Bottle.rcproject in Sources */,
				C081FCFA2A8A35890031E729 /* TrashBin.swift in Sources */,
				C0EFD6FE2A8B7D5600BD5F90 /* PaperTrashBox.rcproject in Sources */,
				C08561292A861E8A00167844 /* MenuView.swift in Sources */,
				C0170D632A861F500026422A /* GameView.swift in Sources */,
				B9B7F7DA2A78EDAF000BAF9E /* ContentView.swift in Sources */,
				C0D314C92A8CAC4200C552B7 /* OrganicTrashBox.rcproject in Sources */,
				C081FCEC2A8A14C90031E729 /* Alert.swift in Sources */,
				C0EFD6F92A8B7D5600BD5F90 /* AnorganicTrashBox.rcproject in Sources */,
				C0D314C52A8CABC400C552B7 /* Battery.rcproject in Sources */,
				C0D314C32A8CAB0E00C552B7 /* B3TrashBox.rcproject in Sources */,
				C0D314C72A8CABE300C552B7 /* Mask.rcproject in Sources */,
				B9B7F7D82A78EDAF000BAF9E /* AppDelegate.swift in Sources */,
				C078244D2A84E5480002C32C /* Event.swift in Sources */,
				C0D314C12A8CAA9500C552B7 /* Banana.rcproject in Sources */,
				C0EFD6F82A8B7D5600BD5F90 /* Paper.rcproject in Sources */,
				C0EFD7002A8B7D5600BD5F90 /* ResiduTrashBox.rcproject in Sources */,
				C0170D662A861F780026422A /* ARViewContainer.swift in Sources */,
				C0170D6C2A8625A70026422A /* Enums.swift in Sources */,
			);
			runOnlyForDeploymentPostprocessing = 0;
		};
/* End PBXSourcesBuildPhase section */

/* Begin XCBuildConfiguration section */
		B9B7F7E22A78EDB0000BAF9E /* Debug */ = {
			isa = XCBuildConfiguration;
			buildSettings = {
				ALWAYS_SEARCH_USER_PATHS = NO;
				CLANG_ANALYZER_NONNULL = YES;
				CLANG_ANALYZER_NUMBER_OBJECT_CONVERSION = YES_AGGRESSIVE;
				CLANG_CXX_LANGUAGE_STANDARD = "gnu++20";
				CLANG_ENABLE_MODULES = YES;
				CLANG_ENABLE_OBJC_ARC = YES;
				CLANG_ENABLE_OBJC_WEAK = YES;
				CLANG_WARN_BLOCK_CAPTURE_AUTORELEASING = YES;
				CLANG_WARN_BOOL_CONVERSION = YES;
				CLANG_WARN_COMMA = YES;
				CLANG_WARN_CONSTANT_CONVERSION = YES;
				CLANG_WARN_DEPRECATED_OBJC_IMPLEMENTATIONS = YES;
				CLANG_WARN_DIRECT_OBJC_ISA_USAGE = YES_ERROR;
				CLANG_WARN_DOCUMENTATION_COMMENTS = YES;
				CLANG_WARN_EMPTY_BODY = YES;
				CLANG_WARN_ENUM_CONVERSION = YES;
				CLANG_WARN_INFINITE_RECURSION = YES;
				CLANG_WARN_INT_CONVERSION = YES;
				CLANG_WARN_NON_LITERAL_NULL_CONVERSION = YES;
				CLANG_WARN_OBJC_IMPLICIT_RETAIN_SELF = YES;
				CLANG_WARN_OBJC_LITERAL_CONVERSION = YES;
				CLANG_WARN_OBJC_ROOT_CLASS = YES_ERROR;
				CLANG_WARN_QUOTED_INCLUDE_IN_FRAMEWORK_HEADER = YES;
				CLANG_WARN_RANGE_LOOP_ANALYSIS = YES;
				CLANG_WARN_STRICT_PROTOTYPES = YES;
				CLANG_WARN_SUSPICIOUS_MOVE = YES;
				CLANG_WARN_UNGUARDED_AVAILABILITY = YES_AGGRESSIVE;
				CLANG_WARN_UNREACHABLE_CODE = YES;
				CLANG_WARN__DUPLICATE_METHOD_MATCH = YES;
				COPY_PHASE_STRIP = NO;
				DEBUG_INFORMATION_FORMAT = dwarf;
				ENABLE_STRICT_OBJC_MSGSEND = YES;
				ENABLE_TESTABILITY = YES;
				GCC_C_LANGUAGE_STANDARD = gnu11;
				GCC_DYNAMIC_NO_PIC = NO;
				GCC_NO_COMMON_BLOCKS = YES;
				GCC_OPTIMIZATION_LEVEL = 0;
				GCC_PREPROCESSOR_DEFINITIONS = (
					"DEBUG=1",
					"$(inherited)",
				);
				GCC_WARN_64_TO_32_BIT_CONVERSION = YES;
				GCC_WARN_ABOUT_RETURN_TYPE = YES_ERROR;
				GCC_WARN_UNDECLARED_SELECTOR = YES;
				GCC_WARN_UNINITIALIZED_AUTOS = YES_AGGRESSIVE;
				GCC_WARN_UNUSED_FUNCTION = YES;
				GCC_WARN_UNUSED_VARIABLE = YES;
				IPHONEOS_DEPLOYMENT_TARGET = 16.4;
				MTL_ENABLE_DEBUG_INFO = INCLUDE_SOURCE;
				MTL_FAST_MATH = YES;
				ONLY_ACTIVE_ARCH = YES;
				SDKROOT = iphoneos;
				SWIFT_ACTIVE_COMPILATION_CONDITIONS = DEBUG;
				SWIFT_OPTIMIZATION_LEVEL = "-Onone";
			};
			name = Debug;
		};
		B9B7F7E32A78EDB0000BAF9E /* Release */ = {
			isa = XCBuildConfiguration;
			buildSettings = {
				ALWAYS_SEARCH_USER_PATHS = NO;
				CLANG_ANALYZER_NONNULL = YES;
				CLANG_ANALYZER_NUMBER_OBJECT_CONVERSION = YES_AGGRESSIVE;
				CLANG_CXX_LANGUAGE_STANDARD = "gnu++20";
				CLANG_ENABLE_MODULES = YES;
				CLANG_ENABLE_OBJC_ARC = YES;
				CLANG_ENABLE_OBJC_WEAK = YES;
				CLANG_WARN_BLOCK_CAPTURE_AUTORELEASING = YES;
				CLANG_WARN_BOOL_CONVERSION = YES;
				CLANG_WARN_COMMA = YES;
				CLANG_WARN_CONSTANT_CONVERSION = YES;
				CLANG_WARN_DEPRECATED_OBJC_IMPLEMENTATIONS = YES;
				CLANG_WARN_DIRECT_OBJC_ISA_USAGE = YES_ERROR;
				CLANG_WARN_DOCUMENTATION_COMMENTS = YES;
				CLANG_WARN_EMPTY_BODY = YES;
				CLANG_WARN_ENUM_CONVERSION = YES;
				CLANG_WARN_INFINITE_RECURSION = YES;
				CLANG_WARN_INT_CONVERSION = YES;
				CLANG_WARN_NON_LITERAL_NULL_CONVERSION = YES;
				CLANG_WARN_OBJC_IMPLICIT_RETAIN_SELF = YES;
				CLANG_WARN_OBJC_LITERAL_CONVERSION = YES;
				CLANG_WARN_OBJC_ROOT_CLASS = YES_ERROR;
				CLANG_WARN_QUOTED_INCLUDE_IN_FRAMEWORK_HEADER = YES;
				CLANG_WARN_RANGE_LOOP_ANALYSIS = YES;
				CLANG_WARN_STRICT_PROTOTYPES = YES;
				CLANG_WARN_SUSPICIOUS_MOVE = YES;
				CLANG_WARN_UNGUARDED_AVAILABILITY = YES_AGGRESSIVE;
				CLANG_WARN_UNREACHABLE_CODE = YES;
				CLANG_WARN__DUPLICATE_METHOD_MATCH = YES;
				COPY_PHASE_STRIP = NO;
				DEBUG_INFORMATION_FORMAT = "dwarf-with-dsym";
				ENABLE_NS_ASSERTIONS = NO;
				ENABLE_STRICT_OBJC_MSGSEND = YES;
				GCC_C_LANGUAGE_STANDARD = gnu11;
				GCC_NO_COMMON_BLOCKS = YES;
				GCC_WARN_64_TO_32_BIT_CONVERSION = YES;
				GCC_WARN_ABOUT_RETURN_TYPE = YES_ERROR;
				GCC_WARN_UNDECLARED_SELECTOR = YES;
				GCC_WARN_UNINITIALIZED_AUTOS = YES_AGGRESSIVE;
				GCC_WARN_UNUSED_FUNCTION = YES;
				GCC_WARN_UNUSED_VARIABLE = YES;
				IPHONEOS_DEPLOYMENT_TARGET = 16.4;
				MTL_ENABLE_DEBUG_INFO = NO;
				MTL_FAST_MATH = YES;
				SDKROOT = iphoneos;
				SWIFT_COMPILATION_MODE = wholemodule;
				SWIFT_OPTIMIZATION_LEVEL = "-O";
				VALIDATE_PRODUCT = YES;
			};
			name = Release;
		};
		B9B7F7E52A78EDB0000BAF9E /* Debug */ = {
			isa = XCBuildConfiguration;
			buildSettings = {
				ASSETCATALOG_COMPILER_APPICON_NAME = AppIcon;
				ASSETCATALOG_COMPILER_GLOBAL_ACCENT_COLOR_NAME = AccentColor;
				CODE_SIGN_STYLE = Automatic;
				CURRENT_PROJECT_VERSION = 1;
				DEVELOPMENT_ASSET_PATHS = "\"ARtestt/Preview Content\"";
				DEVELOPMENT_TEAM = AHLML969C8;
				ENABLE_PREVIEWS = YES;
				GENERATE_INFOPLIST_FILE = YES;
				INFOPLIST_FILE = ARtestt/Info.plist;
				INFOPLIST_KEY_NSCameraUsageDescription = "";
				INFOPLIST_KEY_UIApplicationSupportsIndirectInputEvents = YES;
				INFOPLIST_KEY_UILaunchScreen_Generation = YES;
				INFOPLIST_KEY_UIRequiredDeviceCapabilities = arkit;
				INFOPLIST_KEY_UIStatusBarHidden = YES;
				INFOPLIST_KEY_UISupportedInterfaceOrientations_iPad = "UIInterfaceOrientationPortrait UIInterfaceOrientationPortraitUpsideDown UIInterfaceOrientationLandscapeLeft UIInterfaceOrientationLandscapeRight";
				INFOPLIST_KEY_UISupportedInterfaceOrientations_iPhone = "UIInterfaceOrientationPortrait UIInterfaceOrientationLandscapeLeft UIInterfaceOrientationLandscapeRight";
				LD_RUNPATH_SEARCH_PATHS = (
					"$(inherited)",
					"@executable_path/Frameworks",
				);
				MARKETING_VERSION = 1.0;
				PRODUCT_BUNDLE_IDENTIFIER = com.ada.ARtestt;
				PRODUCT_NAME = "$(TARGET_NAME)";
				SWIFT_EMIT_LOC_STRINGS = YES;
				SWIFT_VERSION = 5.0;
				TARGETED_DEVICE_FAMILY = "1,2";
			};
			name = Debug;
		};
		B9B7F7E62A78EDB0000BAF9E /* Release */ = {
			isa = XCBuildConfiguration;
			buildSettings = {
				ASSETCATALOG_COMPILER_APPICON_NAME = AppIcon;
				ASSETCATALOG_COMPILER_GLOBAL_ACCENT_COLOR_NAME = AccentColor;
				CODE_SIGN_STYLE = Automatic;
				CURRENT_PROJECT_VERSION = 1;
				DEVELOPMENT_ASSET_PATHS = "\"ARtestt/Preview Content\"";
				DEVELOPMENT_TEAM = AHLML969C8;
				ENABLE_PREVIEWS = YES;
				GENERATE_INFOPLIST_FILE = YES;
				INFOPLIST_FILE = ARtestt/Info.plist;
				INFOPLIST_KEY_NSCameraUsageDescription = "";
				INFOPLIST_KEY_UIApplicationSupportsIndirectInputEvents = YES;
				INFOPLIST_KEY_UILaunchScreen_Generation = YES;
				INFOPLIST_KEY_UIRequiredDeviceCapabilities = arkit;
				INFOPLIST_KEY_UIStatusBarHidden = YES;
				INFOPLIST_KEY_UISupportedInterfaceOrientations_iPad = "UIInterfaceOrientationPortrait UIInterfaceOrientationPortraitUpsideDown UIInterfaceOrientationLandscapeLeft UIInterfaceOrientationLandscapeRight";
				INFOPLIST_KEY_UISupportedInterfaceOrientations_iPhone = "UIInterfaceOrientationPortrait UIInterfaceOrientationLandscapeLeft UIInterfaceOrientationLandscapeRight";
				LD_RUNPATH_SEARCH_PATHS = (
					"$(inherited)",
					"@executable_path/Frameworks",
				);
				MARKETING_VERSION = 1.0;
				PRODUCT_BUNDLE_IDENTIFIER = com.ada.ARtestt;
				PRODUCT_NAME = "$(TARGET_NAME)";
				SWIFT_EMIT_LOC_STRINGS = YES;
				SWIFT_VERSION = 5.0;
				TARGETED_DEVICE_FAMILY = "1,2";
			};
			name = Release;
		};
/* End XCBuildConfiguration section */

/* Begin XCConfigurationList section */
		B9B7F7CF2A78EDAF000BAF9E /* Build configuration list for PBXProject "ARtestt" */ = {
			isa = XCConfigurationList;
			buildConfigurations = (
				B9B7F7E22A78EDB0000BAF9E /* Debug */,
				B9B7F7E32A78EDB0000BAF9E /* Release */,
			);
			defaultConfigurationIsVisible = 0;
			defaultConfigurationName = Release;
		};
		B9B7F7E42A78EDB0000BAF9E /* Build configuration list for PBXNativeTarget "ARtestt" */ = {
			isa = XCConfigurationList;
			buildConfigurations = (
				B9B7F7E52A78EDB0000BAF9E /* Debug */,
				B9B7F7E62A78EDB0000BAF9E /* Release */,
			);
			defaultConfigurationIsVisible = 0;
			defaultConfigurationName = Release;
		};
/* End XCConfigurationList section */
	};
	rootObject = B9B7F7CC2A78EDAF000BAF9E /* Project object */;
}
